
Microsoft Visual Studio Solution File, Format Version 12.00
# Visual Studio 2012
Project("{FAE04EC0-301F-11D3-BF4B-00C04F79EFBC}") = "GpuData", "src\GpuData\GpuData.csproj", "{30180E7B-AABE-4F33-9C2C-F8A447024674}"
EndProject
Project("{8BC9CEB8-8B4A-11D0-8D11-00A0C91BC942}") = "GpuTest", "src\GpuTest\GpuTest.vcxproj", "{780961B3-26FB-4322-90F1-909E861E9628}"
EndProject
Project("{8BC9CEB8-8B4A-11D0-8D11-00A0C91BC942}") = "CpuTest", "src\CpuTest\CpuTest.vcxproj", "{ACDAB731-E71B-406B-B023-6A3FD7957591}"
EndProject
Project("{2150E333-8FDC-42A3-9474-1A3956D46DE8}") = "Tests", "Tests", "{1DD83FE7-FD68-4A48-9742-2F20DFCA6925}"
	ProjectSection(SolutionItems) = preProject
		src\Tests\bitvec.test = src\Tests\bitvec.test
		src\Tests\malloc_common.tcl = src\Tests\malloc_common.tcl
		src\Tests\tester.tcl = src\Tests\tester.tcl
		src\Tests\thread_common.tcl = src\Tests\thread_common.tcl
	EndProjectSection
EndProject
Global
	GlobalSection(SolutionConfigurationPlatforms) = preSolution
		Debug|Any CPU = Debug|Any CPU
		Debug|Mixed Platforms = Debug|Mixed Platforms
		Debug|Win32 = Debug|Win32
		Release|Any CPU = Release|Any CPU
		Release|Mixed Platforms = Release|Mixed Platforms
		Release|Win32 = Release|Win32
	EndGlobalSection
	GlobalSection(ProjectConfigurationPlatforms) = postSolution
		{30180E7B-AABE-4F33-9C2C-F8A447024674}.Debug|Any CPU.ActiveCfg = Debug|Any CPU
		{30180E7B-AABE-4F33-9C2C-F8A447024674}.Debug|Any CPU.Build.0 = Debug|Any CPU
		{30180E7B-AABE-4F33-9C2C-F8A447024674}.Debug|Mixed Platforms.ActiveCfg = Debug|x86
		{30180E7B-AABE-4F33-9C2C-F8A447024674}.Debug|Win32.ActiveCfg = Debug|x86
		{30180E7B-AABE-4F33-9C2C-F8A447024674}.Debug|Win32.Build.0 = Debug|x86
		{30180E7B-AABE-4F33-9C2C-F8A447024674}.Release|Any CPU.ActiveCfg = Release|Any CPU
		{30180E7B-AABE-4F33-9C2C-F8A447024674}.Release|Any CPU.Build.0 = Release|Any CPU
		{30180E7B-AABE-4F33-9C2C-F8A447024674}.Release|Mixed Platforms.ActiveCfg = Release|x86
		{30180E7B-AABE-4F33-9C2C-F8A447024674}.Release|Mixed Platforms.Build.0 = Release|x86
		{30180E7B-AABE-4F33-9C2C-F8A447024674}.Release|Win32.ActiveCfg = Release|x86
		{30180E7B-AABE-4F33-9C2C-F8A447024674}.Release|Win32.Build.0 = Release|x86
		{780961B3-26FB-4322-90F1-909E861E9628}.Debug|Any CPU.ActiveCfg = Debug|Win32
		{780961B3-26FB-4322-90F1-909E861E9628}.Debug|Mixed Platforms.ActiveCfg = Debug|Win32
		{780961B3-26FB-4322-90F1-909E861E9628}.Debug|Win32.ActiveCfg = Debug|Win32
		{780961B3-26FB-4322-90F1-909E861E9628}.Debug|Win32.Build.0 = Debug|Win32
		{780961B3-26FB-4322-90F1-909E861E9628}.Release|Any CPU.ActiveCfg = Release|Win32
		{780961B3-26FB-4322-90F1-909E861E9628}.Release|Mixed Platforms.ActiveCfg = Release|Win32
		{780961B3-26FB-4322-90F1-909E861E9628}.Release|Mixed Platforms.Build.0 = Release|Win32
		{780961B3-26FB-4322-90F1-909E861E9628}.Release|Win32.ActiveCfg = Release|Win32
		{780961B3-26FB-4322-90F1-909E861E9628}.Release|Win32.Build.0 = Release|Win32
		{ACDAB731-E71B-406B-B023-6A3FD7957591}.Debug|Any CPU.ActiveCfg = Debug|Win32
		{ACDAB731-E71B-406B-B023-6A3FD7957591}.Debug|Mixed Platforms.ActiveCfg = Debug|Win32
		{ACDAB731-E71B-406B-B023-6A3FD7957591}.Debug|Mixed Platforms.Build.0 = Debug|Win32
		{ACDAB731-E71B-406B-B023-6A3FD7957591}.Debug|Win32.ActiveCfg = Debug|Win32
		{ACDAB731-E71B-406B-B023-6A3FD7957591}.Debug|Win32.Build.0 = Debug|Win32
		{ACDAB731-E71B-406B-B023-6A3FD7957591}.Release|Any CPU.ActiveCfg = Release|Win32
		{ACDAB731-E71B-406B-B023-6A3FD7957591}.Release|Mixed Platforms.ActiveCfg = Release|Win32
		{ACDAB731-E71B-406B-B023-6A3FD7957591}.Release|Mixed Platforms.Build.0 = Release|Win32
		{ACDAB731-E71B-406B-B023-6A3FD7957591}.Release|Win32.ActiveCfg = Release|Win32
		{ACDAB731-E71B-406B-B023-6A3FD7957591}.Release|Win32.Build.0 = Release|Win32
	EndGlobalSection
	GlobalSection(SolutionProperties) = preSolution
		HideSolutionNode = FALSE
	EndGlobalSection
	GlobalSection(MonoDevelopProperties) = preSolution
		StartupItem = src\GpuData\GpuData.csproj
	EndGlobalSection
EndGlobal
