
Microsoft Visual Studio Solution File, Format Version 12.00
# Visual Studio 2012
Project("{2150E333-8FDC-42A3-9474-1A3956D46DE8}") = "Tests", "Tests", "{1DD83FE7-FD68-4A48-9742-2F20DFCA6925}"
	ProjectSection(SolutionItems) = preProject
		src\Tests\bitvec.test = src\Tests\bitvec.test
		src\Tests\malloc_common.tcl = src\Tests\malloc_common.tcl
		src\Tests\tester.tcl = src\Tests\tester.tcl
		src\Tests\thread_common.tcl = src\Tests\thread_common.tcl
	EndProjectSection
EndProject
Project("{8BC9CEB8-8B4A-11D0-8D11-00A0C91BC942}") = "GpuData", "src\GpuData\GpuData.vcxproj", "{ACDAB731-E71B-406B-B023-6A3FD7957591}"
EndProject
Project("{8BC9CEB8-8B4A-11D0-8D11-00A0C91BC942}") = "GpuData.cu", "src\GpuData.cu\GpuData.cu.vcxproj", "{780961B3-26FB-4322-90F1-909E861E9628}"
EndProject
Project("{FAE04EC0-301F-11D3-BF4B-00C04F79EFBC}") = "GpuData.net", "src\GpuData.net\GpuData.net.csproj", "{30180E7B-AABE-4F33-9C2C-F8A447024674}"
EndProject
Global
	GlobalSection(SolutionConfigurationPlatforms) = preSolution
		Debug|x64 = Debug|x64
		Release|x64 = Release|x64
	EndGlobalSection
	GlobalSection(ProjectConfigurationPlatforms) = postSolution
		{ACDAB731-E71B-406B-B023-6A3FD7957591}.Debug|x64.ActiveCfg = Debug|x64
		{ACDAB731-E71B-406B-B023-6A3FD7957591}.Debug|x64.Build.0 = Debug|x64
		{ACDAB731-E71B-406B-B023-6A3FD7957591}.Release|x64.ActiveCfg = Release|x64
		{ACDAB731-E71B-406B-B023-6A3FD7957591}.Release|x64.Build.0 = Release|x64
		{780961B3-26FB-4322-90F1-909E861E9628}.Debug|x64.ActiveCfg = Debug|x64
		{780961B3-26FB-4322-90F1-909E861E9628}.Debug|x64.Build.0 = Debug|x64
		{780961B3-26FB-4322-90F1-909E861E9628}.Release|x64.ActiveCfg = Release|x64
		{30180E7B-AABE-4F33-9C2C-F8A447024674}.Debug|x64.ActiveCfg = Debug|Any CPU
		{30180E7B-AABE-4F33-9C2C-F8A447024674}.Debug|x64.Build.0 = Debug|Any CPU
		{30180E7B-AABE-4F33-9C2C-F8A447024674}.Release|x64.ActiveCfg = Release|Any CPU
		{30180E7B-AABE-4F33-9C2C-F8A447024674}.Release|x64.Build.0 = Release|Any CPU
	EndGlobalSection
	GlobalSection(SolutionProperties) = preSolution
		HideSolutionNode = FALSE
	EndGlobalSection
	GlobalSection(MonoDevelopProperties) = preSolution
		StartupItem = src\GpuData\GpuData.csproj
	EndGlobalSection
EndGlobal
