<?xml version="1.0" encoding="utf-8"?>
<Project ToolsVersion="4.0" xmlns="http://schemas.microsoft.com/developer/msbuild/2003">
  <ItemGroup>
    <Filter Include="Core">
      <UniqueIdentifier>{637a2db8-578e-4e0e-b8f3-57afbbfb34e5}</UniqueIdentifier>
    </Filter>
    <Filter Include="Core\IO">
      <UniqueIdentifier>{361deaef-74e7-4d20-9dd9-43157d7c0c70}</UniqueIdentifier>
    </Filter>
  </ItemGroup>
  <ItemGroup>
    <ClCompile Include="..\Core\IO\00.CoreVFile.cpp">
      <Filter>Core\IO</Filter>
    </ClCompile>
    <ClCompile Include="..\Core\IO\10.CoreVFileSystem.cpp">
      <Filter>Core\IO</Filter>
    </ClCompile>
    <ClCompile Include="..\Core\IO\20.MemoryVFile.cpp">
      <Filter>Core\IO</Filter>
    </ClCompile>
    <ClCompile Include="..\Core\IO\30.VFile.cpp">
      <Filter>Core\IO</Filter>
    </ClCompile>
    <ClCompile Include="..\Core\IO\40.VFileSystem.cpp">
      <Filter>Core\IO</Filter>
    </ClCompile>
  </ItemGroup>
  <ItemGroup>
    <CudaCompile Include="..\Core\00.Bitvec.cu">
      <Filter>Core</Filter>
    </CudaCompile>
    <CudaCompile Include="..\Core\01.Bitvec-Tests.cu">
      <Filter>Core</Filter>
    </CudaCompile>
    <CudaCompile Include="..\Core\10.ConvertEx.cu">
      <Filter>Core</Filter>
    </CudaCompile>
    <CudaCompile Include="..\Core\50.SysEx.cu">
      <Filter>Core</Filter>
    </CudaCompile>
  </ItemGroup>
</Project>