<?xml version="1.0" encoding="utf-8"?>
<Project ToolsVersion="4.0" xmlns="http://schemas.microsoft.com/developer/msbuild/2003">
  <ItemGroup>
    <Filter Include="Core">
      <UniqueIdentifier>{d72e2007-4cab-46e8-99e9-f44d92a1f92c}</UniqueIdentifier>
    </Filter>
    <Filter Include="Core\IO">
      <UniqueIdentifier>{3c534211-7f99-4257-84ea-a1a05d9e5e89}</UniqueIdentifier>
    </Filter>
    <Filter Include="Core+Pager">
      <UniqueIdentifier>{7f5cb337-faf1-46be-ad93-b617e19cc7f6}</UniqueIdentifier>
    </Filter>
    <Filter Include="Core+Btree">
      <UniqueIdentifier>{b414d516-9e04-405a-8531-c81e57f47a7e}</UniqueIdentifier>
    </Filter>
    <Filter Include="Core\Text">
      <UniqueIdentifier>{ecfdf063-6a3d-4762-a51f-4e94d9e8fa11}</UniqueIdentifier>
    </Filter>
  </ItemGroup>
  <ItemGroup>
    <ClCompile Include="..\GpuData\Core\50.SysEx.cu">
      <Filter>Core</Filter>
    </ClCompile>
    <ClCompile Include="Program.cpp" />
    <ClCompile Include="..\GpuData\Core\00.Bitvec.cu">
      <Filter>Core</Filter>
    </ClCompile>
    <ClCompile Include="..\GpuData\Core\IO\20.MemoryVFile.cu">
      <Filter>Core\IO</Filter>
    </ClCompile>
    <ClCompile Include="..\GpuData\Core\40.StatusEx.cu">
      <Filter>Core</Filter>
    </ClCompile>
    <ClCompile Include="..\GpuData\Core\10.ConvertEx.cu">
      <Filter>Core</Filter>
    </ClCompile>
    <ClCompile Include="..\GpuData\Core+Pager\PCache.cu">
      <Filter>Core+Pager</Filter>
    </ClCompile>
    <ClCompile Include="..\GpuData\Core+Pager\PCache1.cu">
      <Filter>Core+Pager</Filter>
    </ClCompile>
    <ClCompile Include="..\GpuData\Core+Pager\Pager.cu">
      <Filter>Core+Pager</Filter>
    </ClCompile>
    <ClCompile Include="..\GpuData\Core+Pager\Wal.cu">
      <Filter>Core+Pager</Filter>
    </ClCompile>
    <ClCompile Include="..\GpuData\Core\IO\25.JournalVFile.cu">
      <Filter>Core\IO</Filter>
    </ClCompile>
    <ClCompile Include="..\GpuData\Core+Btree\Btree.cu">
      <Filter>Core+Btree</Filter>
    </ClCompile>
    <ClCompile Include="..\GpuData\Core\Text\00.StringBuilder.cu">
      <Filter>Core\Text</Filter>
    </ClCompile>
  </ItemGroup>
  <ItemGroup>
    <ClInclude Include="..\GpuData\Core\50.SysEx.cu.h">
      <Filter>Core</Filter>
    </ClInclude>
    <ClInclude Include="..\GpuData\Core\Core.cu.h">
      <Filter>Core</Filter>
    </ClInclude>
    <ClInclude Include="..\GpuData\Core\Core+Types.cu.h">
      <Filter>Core</Filter>
    </ClInclude>
    <ClInclude Include="..\GpuData\Core\00.Bitvec.cu.h">
      <Filter>Core</Filter>
    </ClInclude>
    <ClInclude Include="..\GpuData\Core\20.MutexEx.cu.h">
      <Filter>Core</Filter>
    </ClInclude>
    <ClInclude Include="..\GpuData\Core\30.RC.cu.h">
      <Filter>Core</Filter>
    </ClInclude>
    <ClInclude Include="..\Runtime.cu.h" />
    <ClInclude Include="..\GpuData\Core\IO\30.VFile.cu.h">
      <Filter>Core\IO</Filter>
    </ClInclude>
    <ClInclude Include="..\GpuData\Core\40.StatusEx.cu.h">
      <Filter>Core</Filter>
    </ClInclude>
    <ClInclude Include="..\GpuData\Core+Pager\PCache.cu.h">
      <Filter>Core+Pager</Filter>
    </ClInclude>
    <ClInclude Include="..\GpuData\Core+Pager\Core+Pager.cu.h">
      <Filter>Core+Pager</Filter>
    </ClInclude>
    <ClInclude Include="..\GpuData\Core+Pager\Pager.cu.h">
      <Filter>Core+Pager</Filter>
    </ClInclude>
    <ClInclude Include="..\GpuData\Core\10.ConvertEx.cu.h">
      <Filter>Core</Filter>
    </ClInclude>
    <ClInclude Include="..\GpuData\Core+Pager\Wal.cu.h">
      <Filter>Core+Pager</Filter>
    </ClInclude>
    <ClInclude Include="..\GpuData\Core+Btree\Btree.cu.h">
      <Filter>Core+Btree</Filter>
    </ClInclude>
    <ClInclude Include="..\GpuData\Core+Btree\BtreeInt.cu.h">
      <Filter>Core+Btree</Filter>
    </ClInclude>
    <ClInclude Include="..\GpuData\Core+Btree\Core+Btree.cu.h">
      <Filter>Core+Btree</Filter>
    </ClInclude>
    <ClInclude Include="..\GpuData\Core\Text\00.StringBuilder.cu.h">
      <Filter>Core\Text</Filter>
    </ClInclude>
  </ItemGroup>
</Project>